Microsoft Visual Studio Solution File, Format Version 12.00
# Visual Studio Version 17
VisualStudioVersion = 17.5.2.0
MinimumVisualStudioVersion = 10.0.40219.1
Project("{FAE04EC0-301F-11D3-BF4B-00C04F79EFBC}") = "Cookies Cookbook", "Cookies Cookbook.csproj", "{ECEFC0B5-7848-350E-BF25-DF2C75BE809B}"
EndProject
Global
	GlobalSection(SolutionConfigurationPlatforms) = preSolution
		Debug|Any CPU = Debug|Any CPU
		Release|Any CPU = Release|Any CPU
	EndGlobalSection
	GlobalSection(ProjectConfigurationPlatforms) = postSolution
		{ECEFC0B5-7848-350E-BF25-DF2C75BE809B}.Debug|Any CPU.ActiveCfg = Debug|Any CPU
		{ECEFC0B5-7848-350E-BF25-DF2C75BE809B}.Debug|Any CPU.Build.0 = Debug|Any CPU
		{ECEFC0B5-7848-350E-BF25-DF2C75BE809B}.Release|Any CPU.ActiveCfg = Release|Any CPU
		{ECEFC0B5-7848-350E-BF25-DF2C75BE809B}.Release|Any CPU.Build.0 = Release|Any CPU
	EndGlobalSection
	GlobalSection(SolutionProperties) = preSolution
		HideSolutionNode = FALSE
	EndGlobalSection
	GlobalSection(ExtensibilityGlobals) = postSolution
		SolutionGuid = {B212D2C4-3F6A-4E4F-B5CC-FE57A5A8A1F6}
	EndGlobalSection
EndGlobal
